// !$*UTF8*$!
{
	archiveVersion = 1;
	classes = {
	};
	objectVersion = 48;
	objects = {

/* Begin PBXBuildFile section */
		314ABEE91FCDE65900CFB2AA /* CustomIntensityVisualEffectViewTestsSpec.swift in Sources */ = {isa = PBXBuildFile; fileRef = 314ABEE81FCDE65900CFB2AA /* CustomIntensityVisualEffectViewTestsSpec.swift */; };
		319670231FCCC4CC007F21D2 /* AppDelegate.swift in Sources */ = {isa = PBXBuildFile; fileRef = 319670221FCCC4CC007F21D2 /* AppDelegate.swift */; };
		319670251FCCC4CC007F21D2 /* ViewController.swift in Sources */ = {isa = PBXBuildFile; fileRef = 319670241FCCC4CC007F21D2 /* ViewController.swift */; };
		3196702A1FCCC4CC007F21D2 /* Assets.xcassets in Resources */ = {isa = PBXBuildFile; fileRef = 319670291FCCC4CC007F21D2 /* Assets.xcassets */; };
		3196702D1FCCC4CC007F21D2 /* LaunchScreen.storyboard in Resources */ = {isa = PBXBuildFile; fileRef = 3196702B1FCCC4CC007F21D2 /* LaunchScreen.storyboard */; };
		31AF4FF41FCCC990005583A2 /* CustomIntensityVisualEffectView.h in Headers */ = {isa = PBXBuildFile; fileRef = 31AF4FF21FCCC990005583A2 /* CustomIntensityVisualEffectView.h */; settings = {ATTRIBUTES = (Public, ); }; };
		31AF4FF71FCCC990005583A2 /* CustomIntensityVisualEffectView.framework in Frameworks */ = {isa = PBXBuildFile; fileRef = 31AF4FF01FCCC98F005583A2 /* CustomIntensityVisualEffectView.framework */; };
		31AF4FF81FCCC990005583A2 /* CustomIntensityVisualEffectView.framework in Embed Frameworks */ = {isa = PBXBuildFile; fileRef = 31AF4FF01FCCC98F005583A2 /* CustomIntensityVisualEffectView.framework */; settings = {ATTRIBUTES = (CodeSignOnCopy, RemoveHeadersOnCopy, ); }; };
		31AF4FFE1FCCCA0F005583A2 /* CustomIntensityVisualEffectView.swift in Sources */ = {isa = PBXBuildFile; fileRef = 31AF4FFD1FCCCA0F005583A2 /* CustomIntensityVisualEffectView.swift */; };
		31AF50011FCCCC88005583A2 /* View.swift in Sources */ = {isa = PBXBuildFile; fileRef = 31AF4FFF1FCCCC85005583A2 /* View.swift */; };
		9471B56519D94EE917612E17 /* EarlGrey.framework in Frameworks */ = {isa = PBXBuildFile; fileRef = 3855CFA88FDE7ECF25CCD548 /* EarlGrey.framework */; };
		A85ED5D359F84053F0275F09 /* EarlGrey.swift in Sources */ = {isa = PBXBuildFile; fileRef = 1E8089D8DAB111BB17A1B950 /* EarlGrey.swift */; };
		E42C363DFDE5045DA466FED5 /* Pods_CustomIntensityVisualEffectViewTests.framework in Frameworks */ = {isa = PBXBuildFile; fileRef = 39BD416DD4AF217473C4D4A6 /* Pods_CustomIntensityVisualEffectViewTests.framework */; };
		E97E9BB18E3693B03D1B2B83 /* EarlGrey.framework in EarlGrey Copy Files */ = {isa = PBXBuildFile; fileRef = 3855CFA88FDE7ECF25CCD548 /* EarlGrey.framework */; settings = {ATTRIBUTES = (CodeSignOnCopy, ); }; };
/* End PBXBuildFile section */

/* Begin PBXContainerItemProxy section */
		313E374F1FCDDD7000F22C10 /* PBXContainerItemProxy */ = {
			isa = PBXContainerItemProxy;
			containerPortal = 319670171FCCC4CC007F21D2 /* Project object */;
			proxyType = 1;
			remoteGlobalIDString = 3196701E1FCCC4CC007F21D2;
			remoteInfo = CustomIntensityVisualEffectViewDemoApp;
		};
		31AF4FF51FCCC990005583A2 /* PBXContainerItemProxy */ = {
			isa = PBXContainerItemProxy;
			containerPortal = 319670171FCCC4CC007F21D2 /* Project object */;
			proxyType = 1;
			remoteGlobalIDString = 31AF4FEF1FCCC98F005583A2;
			remoteInfo = CustomIntensityVisualEffectView;
		};
/* End PBXContainerItemProxy section */

/* Begin PBXCopyFilesBuildPhase section */
		31AF4FFC1FCCC990005583A2 /* Embed Frameworks */ = {
			isa = PBXCopyFilesBuildPhase;
			buildActionMask = 2147483647;
			dstPath = "";
			dstSubfolderSpec = 10;
			files = (
				31AF4FF81FCCC990005583A2 /* CustomIntensityVisualEffectView.framework in Embed Frameworks */,
			);
			name = "Embed Frameworks";
			runOnlyForDeploymentPostprocessing = 0;
		};
		40132F28DEB116F108805333 /* EarlGrey Copy Files */ = {
			isa = PBXCopyFilesBuildPhase;
			buildActionMask = 2147483647;
			dstPath = "$(TEST_HOST)/../";
			dstSubfolderSpec = 0;
			files = (
				E97E9BB18E3693B03D1B2B83 /* EarlGrey.framework in EarlGrey Copy Files */,
			);
			name = "EarlGrey Copy Files";
			runOnlyForDeploymentPostprocessing = 0;
		};
/* End PBXCopyFilesBuildPhase section */

/* Begin PBXFileReference section */
		1E8089D8DAB111BB17A1B950 /* EarlGrey.swift */ = {isa = PBXFileReference; includeInIndex = 1; lastKnownFileType = sourcecode.swift; path = EarlGrey.swift; sourceTree = "<group>"; };
		313E374A1FCDDD7000F22C10 /* CustomIntensityVisualEffectViewTests.xctest */ = {isa = PBXFileReference; explicitFileType = wrapper.cfbundle; includeInIndex = 0; path = CustomIntensityVisualEffectViewTests.xctest; sourceTree = BUILT_PRODUCTS_DIR; };
		313E374E1FCDDD7000F22C10 /* Info.plist */ = {isa = PBXFileReference; lastKnownFileType = text.plist.xml; path = Info.plist; sourceTree = "<group>"; };
		314ABEE81FCDE65900CFB2AA /* CustomIntensityVisualEffectViewTestsSpec.swift */ = {isa = PBXFileReference; lastKnownFileType = sourcecode.swift; path = CustomIntensityVisualEffectViewTestsSpec.swift; sourceTree = "<group>"; };
		3196701F1FCCC4CC007F21D2 /* CustomIntensityVisualEffectViewDemoApp.app */ = {isa = PBXFileReference; explicitFileType = wrapper.application; includeInIndex = 0; path = CustomIntensityVisualEffectViewDemoApp.app; sourceTree = BUILT_PRODUCTS_DIR; };
		319670221FCCC4CC007F21D2 /* AppDelegate.swift */ = {isa = PBXFileReference; lastKnownFileType = sourcecode.swift; path = AppDelegate.swift; sourceTree = "<group>"; };
		319670241FCCC4CC007F21D2 /* ViewController.swift */ = {isa = PBXFileReference; lastKnownFileType = sourcecode.swift; path = ViewController.swift; sourceTree = "<group>"; };
		319670291FCCC4CC007F21D2 /* Assets.xcassets */ = {isa = PBXFileReference; lastKnownFileType = folder.assetcatalog; path = Assets.xcassets; sourceTree = "<group>"; };
		3196702C1FCCC4CC007F21D2 /* Base */ = {isa = PBXFileReference; lastKnownFileType = file.storyboard; name = Base; path = Base.lproj/LaunchScreen.storyboard; sourceTree = "<group>"; };
		3196702E1FCCC4CC007F21D2 /* Info.plist */ = {isa = PBXFileReference; lastKnownFileType = text.plist.xml; path = Info.plist; sourceTree = "<group>"; };
		31AF4FF01FCCC98F005583A2 /* CustomIntensityVisualEffectView.framework */ = {isa = PBXFileReference; explicitFileType = wrapper.framework; includeInIndex = 0; path = CustomIntensityVisualEffectView.framework; sourceTree = BUILT_PRODUCTS_DIR; };
		31AF4FF21FCCC990005583A2 /* CustomIntensityVisualEffectView.h */ = {isa = PBXFileReference; lastKnownFileType = sourcecode.c.h; path = CustomIntensityVisualEffectView.h; sourceTree = "<group>"; };
		31AF4FF31FCCC990005583A2 /* Info.plist */ = {isa = PBXFileReference; lastKnownFileType = text.plist.xml; path = Info.plist; sourceTree = "<group>"; };
		31AF4FFD1FCCCA0F005583A2 /* CustomIntensityVisualEffectView.swift */ = {isa = PBXFileReference; lastKnownFileType = sourcecode.swift; path = CustomIntensityVisualEffectView.swift; sourceTree = "<group>"; };
		31AF4FFF1FCCCC85005583A2 /* View.swift */ = {isa = PBXFileReference; lastKnownFileType = sourcecode.swift; path = View.swift; sourceTree = "<group>"; };
		3855CFA88FDE7ECF25CCD548 /* EarlGrey.framework */ = {isa = PBXFileReference; lastKnownFileType = wrapper.framework; name = EarlGrey.framework; path = Pods/EarlGrey/EarlGrey/EarlGrey.framework; sourceTree = SOURCE_ROOT; };
		39BD416DD4AF217473C4D4A6 /* Pods_CustomIntensityVisualEffectViewTests.framework */ = {isa = PBXFileReference; explicitFileType = wrapper.framework; includeInIndex = 0; path = Pods_CustomIntensityVisualEffectViewTests.framework; sourceTree = BUILT_PRODUCTS_DIR; };
		3F267799125DC2596D14801F /* Pods-CustomIntensityVisualEffectViewTests.release.xcconfig */ = {isa = PBXFileReference; includeInIndex = 1; lastKnownFileType = text.xcconfig; name = "Pods-CustomIntensityVisualEffectViewTests.release.xcconfig"; path = "Pods/Target Support Files/Pods-CustomIntensityVisualEffectViewTests/Pods-CustomIntensityVisualEffectViewTests.release.xcconfig"; sourceTree = "<group>"; };
		D4820EB5CEF326F7A1C13FDA /* Pods-CustomIntensityVisualEffectViewTests.debug.xcconfig */ = {isa = PBXFileReference; includeInIndex = 1; lastKnownFileType = text.xcconfig; name = "Pods-CustomIntensityVisualEffectViewTests.debug.xcconfig"; path = "Pods/Target Support Files/Pods-CustomIntensityVisualEffectViewTests/Pods-CustomIntensityVisualEffectViewTests.debug.xcconfig"; sourceTree = "<group>"; };
/* End PBXFileReference section */

/* Begin PBXFrameworksBuildPhase section */
		313E37471FCDDD7000F22C10 /* Frameworks */ = {
			isa = PBXFrameworksBuildPhase;
			buildActionMask = 2147483647;
			files = (
				9471B56519D94EE917612E17 /* EarlGrey.framework in Frameworks */,
				E42C363DFDE5045DA466FED5 /* Pods_CustomIntensityVisualEffectViewTests.framework in Frameworks */,
			);
			runOnlyForDeploymentPostprocessing = 0;
		};
		3196701C1FCCC4CC007F21D2 /* Frameworks */ = {
			isa = PBXFrameworksBuildPhase;
			buildActionMask = 2147483647;
			files = (
				31AF4FF71FCCC990005583A2 /* CustomIntensityVisualEffectView.framework in Frameworks */,
			);
			runOnlyForDeploymentPostprocessing = 0;
		};
		31AF4FEC1FCCC98F005583A2 /* Frameworks */ = {
			isa = PBXFrameworksBuildPhase;
			buildActionMask = 2147483647;
			files = (
			);
			runOnlyForDeploymentPostprocessing = 0;
		};
/* End PBXFrameworksBuildPhase section */

/* Begin PBXGroup section */
		0A72B73260B377FA31DFDB66 /* Frameworks */ = {
			isa = PBXGroup;
			children = (
				3855CFA88FDE7ECF25CCD548 /* EarlGrey.framework */,
				39BD416DD4AF217473C4D4A6 /* Pods_CustomIntensityVisualEffectViewTests.framework */,
			);
			name = Frameworks;
			sourceTree = "<group>";
		};
		313E374B1FCDDD7000F22C10 /* CustomIntensityVisualEffectViewTests */ = {
			isa = PBXGroup;
			children = (
				314ABEE81FCDE65900CFB2AA /* CustomIntensityVisualEffectViewTestsSpec.swift */,
				1E8089D8DAB111BB17A1B950 /* EarlGrey.swift */,
				313E374E1FCDDD7000F22C10 /* Info.plist */,
			);
			name = CustomIntensityVisualEffectViewTests;
			path = Tests;
			sourceTree = "<group>";
		};
		319670161FCCC4CC007F21D2 = {
			isa = PBXGroup;
			children = (
				313E374B1FCDDD7000F22C10 /* CustomIntensityVisualEffectViewTests */,
				319670211FCCC4CC007F21D2 /* DemoApp */,
				319670201FCCC4CC007F21D2 /* Products */,
				31AF4FF11FCCC98F005583A2 /* Sources */,
				0A72B73260B377FA31DFDB66 /* Frameworks */,
				979DB642D88C703A5020F16B /* Pods */,
			);
			sourceTree = "<group>";
		};
		319670201FCCC4CC007F21D2 /* Products */ = {
			isa = PBXGroup;
			children = (
				3196701F1FCCC4CC007F21D2 /* CustomIntensityVisualEffectViewDemoApp.app */,
				31AF4FF01FCCC98F005583A2 /* CustomIntensityVisualEffectView.framework */,
				313E374A1FCDDD7000F22C10 /* CustomIntensityVisualEffectViewTests.xctest */,
			);
			name = Products;
			sourceTree = "<group>";
		};
		319670211FCCC4CC007F21D2 /* DemoApp */ = {
			isa = PBXGroup;
			children = (
				319670221FCCC4CC007F21D2 /* AppDelegate.swift */,
				319670291FCCC4CC007F21D2 /* Assets.xcassets */,
				3196702E1FCCC4CC007F21D2 /* Info.plist */,
				3196702B1FCCC4CC007F21D2 /* LaunchScreen.storyboard */,
				31AF4FFF1FCCCC85005583A2 /* View.swift */,
				319670241FCCC4CC007F21D2 /* ViewController.swift */,
			);
			path = DemoApp;
			sourceTree = "<group>";
		};
		31AF4FF11FCCC98F005583A2 /* Sources */ = {
			isa = PBXGroup;
			children = (
				31AF4FF21FCCC990005583A2 /* CustomIntensityVisualEffectView.h */,
				31AF4FFD1FCCCA0F005583A2 /* CustomIntensityVisualEffectView.swift */,
				31AF4FF31FCCC990005583A2 /* Info.plist */,
			);
			path = Sources;
			sourceTree = "<group>";
		};
		979DB642D88C703A5020F16B /* Pods */ = {
			isa = PBXGroup;
			children = (
				D4820EB5CEF326F7A1C13FDA /* Pods-CustomIntensityVisualEffectViewTests.debug.xcconfig */,
				3F267799125DC2596D14801F /* Pods-CustomIntensityVisualEffectViewTests.release.xcconfig */,
			);
			name = Pods;
			sourceTree = "<group>";
		};
/* End PBXGroup section */

/* Begin PBXHeadersBuildPhase section */
		31AF4FED1FCCC98F005583A2 /* Headers */ = {
			isa = PBXHeadersBuildPhase;
			buildActionMask = 2147483647;
			files = (
				31AF4FF41FCCC990005583A2 /* CustomIntensityVisualEffectView.h in Headers */,
			);
			runOnlyForDeploymentPostprocessing = 0;
		};
/* End PBXHeadersBuildPhase section */

/* Begin PBXNativeTarget section */
		313E37491FCDDD7000F22C10 /* CustomIntensityVisualEffectViewTests */ = {
			isa = PBXNativeTarget;
			buildConfigurationList = 313E37531FCDDD7000F22C10 /* Build configuration list for PBXNativeTarget "CustomIntensityVisualEffectViewTests" */;
			buildPhases = (
				884FFAD3EC9C0B99AC0F5673 /* [CP] Check Pods Manifest.lock */,
				313E37461FCDDD7000F22C10 /* Sources */,
				313E37471FCDDD7000F22C10 /* Frameworks */,
				313E37481FCDDD7000F22C10 /* Resources */,
				40132F28DEB116F108805333 /* EarlGrey Copy Files */,
				F247DE6BE9127FDA25CC525E /* [CP] Embed Pods Frameworks */,
				056D689DD31E5FCE52EDA356 /* [CP] Copy Pods Resources */,
			);
			buildRules = (
			);
			dependencies = (
				313E37501FCDDD7000F22C10 /* PBXTargetDependency */,
			);
			name = CustomIntensityVisualEffectViewTests;
			productName = CustomIntensityVisualEffectViewTests;
			productReference = 313E374A1FCDDD7000F22C10 /* CustomIntensityVisualEffectViewTests.xctest */;
			productType = "com.apple.product-type.bundle.unit-test";
		};
		3196701E1FCCC4CC007F21D2 /* CustomIntensityVisualEffectViewDemoApp */ = {
			isa = PBXNativeTarget;
			buildConfigurationList = 319670311FCCC4CC007F21D2 /* Build configuration list for PBXNativeTarget "CustomIntensityVisualEffectViewDemoApp" */;
			buildPhases = (
				3196701B1FCCC4CC007F21D2 /* Sources */,
				3196701C1FCCC4CC007F21D2 /* Frameworks */,
				3196701D1FCCC4CC007F21D2 /* Resources */,
				31AF4FFC1FCCC990005583A2 /* Embed Frameworks */,
			);
			buildRules = (
			);
			dependencies = (
				31AF4FF61FCCC990005583A2 /* PBXTargetDependency */,
			);
			name = CustomIntensityVisualEffectViewDemoApp;
			productName = CustomIntensityVisualEffectView;
			productReference = 3196701F1FCCC4CC007F21D2 /* CustomIntensityVisualEffectViewDemoApp.app */;
			productType = "com.apple.product-type.application";
		};
		31AF4FEF1FCCC98F005583A2 /* CustomIntensityVisualEffectView */ = {
			isa = PBXNativeTarget;
			buildConfigurationList = 31AF4FF91FCCC990005583A2 /* Build configuration list for PBXNativeTarget "CustomIntensityVisualEffectView" */;
			buildPhases = (
				31AF4FEB1FCCC98F005583A2 /* Sources */,
				31AF4FEC1FCCC98F005583A2 /* Frameworks */,
				31AF4FED1FCCC98F005583A2 /* Headers */,
				31AF4FEE1FCCC98F005583A2 /* Resources */,
			);
			buildRules = (
			);
			dependencies = (
			);
			name = CustomIntensityVisualEffectView;
			productName = CustomIntensityVisualEffectView;
			productReference = 31AF4FF01FCCC98F005583A2 /* CustomIntensityVisualEffectView.framework */;
			productType = "com.apple.product-type.framework";
		};
/* End PBXNativeTarget section */

/* Begin PBXProject section */
		319670171FCCC4CC007F21D2 /* Project object */ = {
			isa = PBXProject;
			attributes = {
				LastSwiftUpdateCheck = 0910;
				LastUpgradeCheck = 0910;
				ORGANIZATIONNAME = "Dariusz Rybicki";
				TargetAttributes = {
					313E37491FCDDD7000F22C10 = {
						CreatedOnToolsVersion = 9.1;
						ProvisioningStyle = Automatic;
						TestTargetID = 3196701E1FCCC4CC007F21D2;
					};
					3196701E1FCCC4CC007F21D2 = {
						CreatedOnToolsVersion = 9.1;
						ProvisioningStyle = Manual;
					};
					31AF4FEF1FCCC98F005583A2 = {
						CreatedOnToolsVersion = 9.1;
						LastSwiftMigration = 0910;
						ProvisioningStyle = Manual;
					};
				};
			};
			buildConfigurationList = 3196701A1FCCC4CC007F21D2 /* Build configuration list for PBXProject "CustomIntensityVisualEffectView" */;
			compatibilityVersion = "Xcode 8.0";
			developmentRegion = en;
			hasScannedForEncodings = 0;
			knownRegions = (
				en,
				Base,
			);
			mainGroup = 319670161FCCC4CC007F21D2;
			productRefGroup = 319670201FCCC4CC007F21D2 /* Products */;
			projectDirPath = "";
			projectRoot = "";
			targets = (
				3196701E1FCCC4CC007F21D2 /* CustomIntensityVisualEffectViewDemoApp */,
				31AF4FEF1FCCC98F005583A2 /* CustomIntensityVisualEffectView */,
				313E37491FCDDD7000F22C10 /* CustomIntensityVisualEffectViewTests */,
			);
		};
/* End PBXProject section */

/* Begin PBXResourcesBuildPhase section */
		313E37481FCDDD7000F22C10 /* Resources */ = {
			isa = PBXResourcesBuildPhase;
			buildActionMask = 2147483647;
			files = (
			);
			runOnlyForDeploymentPostprocessing = 0;
		};
		3196701D1FCCC4CC007F21D2 /* Resources */ = {
			isa = PBXResourcesBuildPhase;
			buildActionMask = 2147483647;
			files = (
				3196702D1FCCC4CC007F21D2 /* LaunchScreen.storyboard in Resources */,
				3196702A1FCCC4CC007F21D2 /* Assets.xcassets in Resources */,
			);
			runOnlyForDeploymentPostprocessing = 0;
		};
		31AF4FEE1FCCC98F005583A2 /* Resources */ = {
			isa = PBXResourcesBuildPhase;
			buildActionMask = 2147483647;
			files = (
			);
			runOnlyForDeploymentPostprocessing = 0;
		};
/* End PBXResourcesBuildPhase section */

/* Begin PBXShellScriptBuildPhase section */
		056D689DD31E5FCE52EDA356 /* [CP] Copy Pods Resources */ = {
			isa = PBXShellScriptBuildPhase;
			buildActionMask = 2147483647;
			files = (
			);
			inputPaths = (
			);
			name = "[CP] Copy Pods Resources";
			outputPaths = (
			);
			runOnlyForDeploymentPostprocessing = 0;
			shellPath = /bin/sh;
			shellScript = "\"${SRCROOT}/Pods/Target Support Files/Pods-CustomIntensityVisualEffectViewTests/Pods-CustomIntensityVisualEffectViewTests-resources.sh\"\n";
			showEnvVarsInLog = 0;
		};
		884FFAD3EC9C0B99AC0F5673 /* [CP] Check Pods Manifest.lock */ = {
			isa = PBXShellScriptBuildPhase;
			buildActionMask = 2147483647;
			files = (
			);
			inputPaths = (
				"${PODS_PODFILE_DIR_PATH}/Podfile.lock",
				"${PODS_ROOT}/Manifest.lock",
			);
			name = "[CP] Check Pods Manifest.lock";
			outputPaths = (
				"$(DERIVED_FILE_DIR)/Pods-CustomIntensityVisualEffectViewTests-checkManifestLockResult.txt",
			);
			runOnlyForDeploymentPostprocessing = 0;
			shellPath = /bin/sh;
			shellScript = "diff \"${PODS_PODFILE_DIR_PATH}/Podfile.lock\" \"${PODS_ROOT}/Manifest.lock\" > /dev/null\nif [ $? != 0 ] ; then\n    # print error to STDERR\n    echo \"error: The sandbox is not in sync with the Podfile.lock. Run 'pod install' or update your CocoaPods installation.\" >&2\n    exit 1\nfi\n# This output is used by Xcode 'outputs' to avoid re-running this script phase.\necho \"SUCCESS\" > \"${SCRIPT_OUTPUT_FILE_0}\"\n";
			showEnvVarsInLog = 0;
		};
		F247DE6BE9127FDA25CC525E /* [CP] Embed Pods Frameworks */ = {
			isa = PBXShellScriptBuildPhase;
			buildActionMask = 2147483647;
			files = (
			);
			inputPaths = (
				"${SRCROOT}/Pods/Target Support Files/Pods-CustomIntensityVisualEffectViewTests/Pods-CustomIntensityVisualEffectViewTests-frameworks.sh",
				"${PODS_ROOT}/EarlGrey/EarlGrey/EarlGrey.framework",
				"${BUILT_PRODUCTS_DIR}/EarlGreySnapshots/EarlGreySnapshots.framework",
				"${BUILT_PRODUCTS_DIR}/FBSnapshotTestCase/FBSnapshotTestCase.framework",
				"${BUILT_PRODUCTS_DIR}/Nimble/Nimble.framework",
				"${BUILT_PRODUCTS_DIR}/Quick/Quick.framework",
			);
			name = "[CP] Embed Pods Frameworks";
			outputPaths = (
				"${TARGET_BUILD_DIR}/${FRAMEWORKS_FOLDER_PATH}/EarlGrey.framework",
				"${TARGET_BUILD_DIR}/${FRAMEWORKS_FOLDER_PATH}/EarlGreySnapshots.framework",
				"${TARGET_BUILD_DIR}/${FRAMEWORKS_FOLDER_PATH}/FBSnapshotTestCase.framework",
				"${TARGET_BUILD_DIR}/${FRAMEWORKS_FOLDER_PATH}/Nimble.framework",
				"${TARGET_BUILD_DIR}/${FRAMEWORKS_FOLDER_PATH}/Quick.framework",
			);
			runOnlyForDeploymentPostprocessing = 0;
			shellPath = /bin/sh;
			shellScript = "\"${SRCROOT}/Pods/Target Support Files/Pods-CustomIntensityVisualEffectViewTests/Pods-CustomIntensityVisualEffectViewTests-frameworks.sh\"\n";
			showEnvVarsInLog = 0;
		};
/* End PBXShellScriptBuildPhase section */

/* Begin PBXSourcesBuildPhase section */
		313E37461FCDDD7000F22C10 /* Sources */ = {
			isa = PBXSourcesBuildPhase;
			buildActionMask = 2147483647;
			files = (
				314ABEE91FCDE65900CFB2AA /* CustomIntensityVisualEffectViewTestsSpec.swift in Sources */,
				A85ED5D359F84053F0275F09 /* EarlGrey.swift in Sources */,
			);
			runOnlyForDeploymentPostprocessing = 0;
		};
		3196701B1FCCC4CC007F21D2 /* Sources */ = {
			isa = PBXSourcesBuildPhase;
			buildActionMask = 2147483647;
			files = (
				319670251FCCC4CC007F21D2 /* ViewController.swift in Sources */,
				319670231FCCC4CC007F21D2 /* AppDelegate.swift in Sources */,
				31AF50011FCCCC88005583A2 /* View.swift in Sources */,
			);
			runOnlyForDeploymentPostprocessing = 0;
		};
		31AF4FEB1FCCC98F005583A2 /* Sources */ = {
			isa = PBXSourcesBuildPhase;
			buildActionMask = 2147483647;
			files = (
				31AF4FFE1FCCCA0F005583A2 /* CustomIntensityVisualEffectView.swift in Sources */,
			);
			runOnlyForDeploymentPostprocessing = 0;
		};
/* End PBXSourcesBuildPhase section */

/* Begin PBXTargetDependency section */
		313E37501FCDDD7000F22C10 /* PBXTargetDependency */ = {
			isa = PBXTargetDependency;
			target = 3196701E1FCCC4CC007F21D2 /* CustomIntensityVisualEffectViewDemoApp */;
			targetProxy = 313E374F1FCDDD7000F22C10 /* PBXContainerItemProxy */;
		};
		31AF4FF61FCCC990005583A2 /* PBXTargetDependency */ = {
			isa = PBXTargetDependency;
			target = 31AF4FEF1FCCC98F005583A2 /* CustomIntensityVisualEffectView */;
			targetProxy = 31AF4FF51FCCC990005583A2 /* PBXContainerItemProxy */;
		};
/* End PBXTargetDependency section */

/* Begin PBXVariantGroup section */
		3196702B1FCCC4CC007F21D2 /* LaunchScreen.storyboard */ = {
			isa = PBXVariantGroup;
			children = (
				3196702C1FCCC4CC007F21D2 /* Base */,
			);
			name = LaunchScreen.storyboard;
			sourceTree = "<group>";
		};
/* End PBXVariantGroup section */

/* Begin XCBuildConfiguration section */
		313E37511FCDDD7000F22C10 /* Debug */ = {
			isa = XCBuildConfiguration;
			baseConfigurationReference = D4820EB5CEF326F7A1C13FDA /* Pods-CustomIntensityVisualEffectViewTests.debug.xcconfig */;
			buildSettings = {
				BUNDLE_LOADER = "$(TEST_HOST)";
				CODE_SIGN_STYLE = Automatic;
				INFOPLIST_FILE = Tests/Info.plist;
				LD_RUNPATH_SEARCH_PATHS = "$(inherited) @executable_path/Frameworks @loader_path/Frameworks";
				PRODUCT_BUNDLE_IDENTIFIER = pl.darrarski.CustomIntensityVisualEffectViewTests;
				PRODUCT_NAME = "$(TARGET_NAME)";
				SWIFT_VERSION = 4.0;
				TARGETED_DEVICE_FAMILY = "1,2";
				TEST_HOST = "$(BUILT_PRODUCTS_DIR)/CustomIntensityVisualEffectViewDemoApp.app/CustomIntensityVisualEffectViewDemoApp";
			};
			name = Debug;
		};
		313E37521FCDDD7000F22C10 /* Release */ = {
			isa = XCBuildConfiguration;
			baseConfigurationReference = 3F267799125DC2596D14801F /* Pods-CustomIntensityVisualEffectViewTests.release.xcconfig */;
			buildSettings = {
				BUNDLE_LOADER = "$(TEST_HOST)";
				CODE_SIGN_STYLE = Automatic;
				INFOPLIST_FILE = Tests/Info.plist;
				LD_RUNPATH_SEARCH_PATHS = "$(inherited) @executable_path/Frameworks @loader_path/Frameworks";
				PRODUCT_BUNDLE_IDENTIFIER = pl.darrarski.CustomIntensityVisualEffectViewTests;
				PRODUCT_NAME = "$(TARGET_NAME)";
				SWIFT_VERSION = 4.0;
				TARGETED_DEVICE_FAMILY = "1,2";
				TEST_HOST = "$(BUILT_PRODUCTS_DIR)/CustomIntensityVisualEffectViewDemoApp.app/CustomIntensityVisualEffectViewDemoApp";
			};
			name = Release;
		};
		3196702F1FCCC4CC007F21D2 /* Debug */ = {
			isa = XCBuildConfiguration;
			buildSettings = {
				ALWAYS_SEARCH_USER_PATHS = NO;
				CLANG_ANALYZER_NONNULL = YES;
				CLANG_ANALYZER_NUMBER_OBJECT_CONVERSION = YES_AGGRESSIVE;
				CLANG_CXX_LANGUAGE_STANDARD = "gnu++14";
				CLANG_CXX_LIBRARY = "libc++";
				CLANG_ENABLE_MODULES = YES;
				CLANG_ENABLE_OBJC_ARC = YES;
				CLANG_WARN_BLOCK_CAPTURE_AUTORELEASING = YES;
				CLANG_WARN_BOOL_CONVERSION = YES;
				CLANG_WARN_COMMA = YES;
				CLANG_WARN_CONSTANT_CONVERSION = YES;
				CLANG_WARN_DIRECT_OBJC_ISA_USAGE = YES_ERROR;
				CLANG_WARN_DOCUMENTATION_COMMENTS = YES;
				CLANG_WARN_EMPTY_BODY = YES;
				CLANG_WARN_ENUM_CONVERSION = YES;
				CLANG_WARN_INFINITE_RECURSION = YES;
				CLANG_WARN_INT_CONVERSION = YES;
				CLANG_WARN_NON_LITERAL_NULL_CONVERSION = YES;
				CLANG_WARN_OBJC_LITERAL_CONVERSION = YES;
				CLANG_WARN_OBJC_ROOT_CLASS = YES_ERROR;
				CLANG_WARN_RANGE_LOOP_ANALYSIS = YES;
				CLANG_WARN_STRICT_PROTOTYPES = YES;
				CLANG_WARN_SUSPICIOUS_MOVE = YES;
				CLANG_WARN_UNGUARDED_AVAILABILITY = YES_AGGRESSIVE;
				CLANG_WARN_UNREACHABLE_CODE = YES;
				CLANG_WARN__DUPLICATE_METHOD_MATCH = YES;
				CODE_SIGN_IDENTITY = "iPhone Developer";
				COPY_PHASE_STRIP = NO;
				CURRENT_PROJECT_VERSION = 0;
				DEBUG_INFORMATION_FORMAT = dwarf;
				ENABLE_STRICT_OBJC_MSGSEND = YES;
				ENABLE_TESTABILITY = YES;
				GCC_C_LANGUAGE_STANDARD = gnu11;
				GCC_DYNAMIC_NO_PIC = NO;
				GCC_NO_COMMON_BLOCKS = YES;
				GCC_OPTIMIZATION_LEVEL = 0;
				GCC_PREPROCESSOR_DEFINITIONS = (
					"DEBUG=1",
					"$(inherited)",
				);
				GCC_WARN_64_TO_32_BIT_CONVERSION = YES;
				GCC_WARN_ABOUT_RETURN_TYPE = YES_ERROR;
				GCC_WARN_UNDECLARED_SELECTOR = YES;
				GCC_WARN_UNINITIALIZED_AUTOS = YES_AGGRESSIVE;
				GCC_WARN_UNUSED_FUNCTION = YES;
				GCC_WARN_UNUSED_VARIABLE = YES;
				IPHONEOS_DEPLOYMENT_TARGET = 11.1;
				MTL_ENABLE_DEBUG_INFO = YES;
				ONLY_ACTIVE_ARCH = YES;
				SDKROOT = iphoneos;
				SWIFT_ACTIVE_COMPILATION_CONDITIONS = DEBUG;
				SWIFT_OPTIMIZATION_LEVEL = "-Onone";
				VERSIONING_SYSTEM = "apple-generic";
			};
			name = Debug;
		};
		319670301FCCC4CC007F21D2 /* Release */ = {
			isa = XCBuildConfiguration;
			buildSettings = {
				ALWAYS_SEARCH_USER_PATHS = NO;
				CLANG_ANALYZER_NONNULL = YES;
				CLANG_ANALYZER_NUMBER_OBJECT_CONVERSION = YES_AGGRESSIVE;
				CLANG_CXX_LANGUAGE_STANDARD = "gnu++14";
				CLANG_CXX_LIBRARY = "libc++";
				CLANG_ENABLE_MODULES = YES;
				CLANG_ENABLE_OBJC_ARC = YES;
				CLANG_WARN_BLOCK_CAPTURE_AUTORELEASING = YES;
				CLANG_WARN_BOOL_CONVERSION = YES;
				CLANG_WARN_COMMA = YES;
				CLANG_WARN_CONSTANT_CONVERSION = YES;
				CLANG_WARN_DIRECT_OBJC_ISA_USAGE = YES_ERROR;
				CLANG_WARN_DOCUMENTATION_COMMENTS = YES;
				CLANG_WARN_EMPTY_BODY = YES;
				CLANG_WARN_ENUM_CONVERSION = YES;
				CLANG_WARN_INFINITE_RECURSION = YES;
				CLANG_WARN_INT_CONVERSION = YES;
				CLANG_WARN_NON_LITERAL_NULL_CONVERSION = YES;
				CLANG_WARN_OBJC_LITERAL_CONVERSION = YES;
				CLANG_WARN_OBJC_ROOT_CLASS = YES_ERROR;
				CLANG_WARN_RANGE_LOOP_ANALYSIS = YES;
				CLANG_WARN_STRICT_PROTOTYPES = YES;
				CLANG_WARN_SUSPICIOUS_MOVE = YES;
				CLANG_WARN_UNGUARDED_AVAILABILITY = YES_AGGRESSIVE;
				CLANG_WARN_UNREACHABLE_CODE = YES;
				CLANG_WARN__DUPLICATE_METHOD_MATCH = YES;
				CODE_SIGN_IDENTITY = "iPhone Developer";
				COPY_PHASE_STRIP = NO;
				CURRENT_PROJECT_VERSION = 0;
				DEBUG_INFORMATION_FORMAT = "dwarf-with-dsym";
				ENABLE_NS_ASSERTIONS = NO;
				ENABLE_STRICT_OBJC_MSGSEND = YES;
				GCC_C_LANGUAGE_STANDARD = gnu11;
				GCC_NO_COMMON_BLOCKS = YES;
				GCC_WARN_64_TO_32_BIT_CONVERSION = YES;
				GCC_WARN_ABOUT_RETURN_TYPE = YES_ERROR;
				GCC_WARN_UNDECLARED_SELECTOR = YES;
				GCC_WARN_UNINITIALIZED_AUTOS = YES_AGGRESSIVE;
				GCC_WARN_UNUSED_FUNCTION = YES;
				GCC_WARN_UNUSED_VARIABLE = YES;
				IPHONEOS_DEPLOYMENT_TARGET = 11.1;
				MTL_ENABLE_DEBUG_INFO = NO;
				SDKROOT = iphoneos;
				SWIFT_OPTIMIZATION_LEVEL = "-Owholemodule";
				VALIDATE_PRODUCT = YES;
				VERSIONING_SYSTEM = "apple-generic";
			};
			name = Release;
		};
		319670321FCCC4CC007F21D2 /* Debug */ = {
			isa = XCBuildConfiguration;
			buildSettings = {
				ALWAYS_EMBED_SWIFT_STANDARD_LIBRARIES = YES;
				ASSETCATALOG_COMPILER_APPICON_NAME = AppIcon;
				CODE_SIGN_STYLE = Manual;
				DEVELOPMENT_TEAM = "";
				INFOPLIST_FILE = DemoApp/Info.plist;
				LD_RUNPATH_SEARCH_PATHS = "$(inherited) @executable_path/Frameworks";
				PRODUCT_BUNDLE_IDENTIFIER = pl.darrarski.CustomIntensityVisualEffectViewDemoApp;
				PRODUCT_NAME = "$(TARGET_NAME)";
				PROVISIONING_PROFILE_SPECIFIER = "";
				SWIFT_VERSION = 4.0;
				TARGETED_DEVICE_FAMILY = 1;
			};
			name = Debug;
		};
		319670331FCCC4CC007F21D2 /* Release */ = {
			isa = XCBuildConfiguration;
			buildSettings = {
				ALWAYS_EMBED_SWIFT_STANDARD_LIBRARIES = YES;
				ASSETCATALOG_COMPILER_APPICON_NAME = AppIcon;
				CODE_SIGN_STYLE = Manual;
				DEVELOPMENT_TEAM = "";
				INFOPLIST_FILE = DemoApp/Info.plist;
				LD_RUNPATH_SEARCH_PATHS = "$(inherited) @executable_path/Frameworks";
				PRODUCT_BUNDLE_IDENTIFIER = pl.darrarski.CustomIntensityVisualEffectViewDemoApp;
				PRODUCT_NAME = "$(TARGET_NAME)";
				PROVISIONING_PROFILE_SPECIFIER = "";
				SWIFT_VERSION = 4.0;
				TARGETED_DEVICE_FAMILY = 1;
			};
			name = Release;
		};
		31AF4FFA1FCCC990005583A2 /* Debug */ = {
			isa = XCBuildConfiguration;
			buildSettings = {
				CLANG_ENABLE_MODULES = YES;
				CODE_SIGN_IDENTITY = "";
				CODE_SIGN_STYLE = Manual;
				DEFINES_MODULE = YES;
				DEVELOPMENT_TEAM = "";
				DYLIB_COMPATIBILITY_VERSION = 1;
				DYLIB_CURRENT_VERSION = 1;
				DYLIB_INSTALL_NAME_BASE = "@rpath";
				INFOPLIST_FILE = Sources/Info.plist;
				INSTALL_PATH = "$(LOCAL_LIBRARY_DIR)/Frameworks";
				LD_RUNPATH_SEARCH_PATHS = "$(inherited) @executable_path/Frameworks @loader_path/Frameworks";
				PRODUCT_BUNDLE_IDENTIFIER = pl.darrarski.CustomIntensityVisualEffectView;
				PRODUCT_NAME = "$(TARGET_NAME:c99extidentifier)";
				PROVISIONING_PROFILE_SPECIFIER = "";
				SKIP_INSTALL = YES;
				SWIFT_OPTIMIZATION_LEVEL = "-Onone";
				SWIFT_VERSION = 4.0;
				TARGETED_DEVICE_FAMILY = "1,2";
			};
			name = Debug;
		};
		31AF4FFB1FCCC990005583A2 /* Release */ = {
			isa = XCBuildConfiguration;
			buildSettings = {
				CLANG_ENABLE_MODULES = YES;
				CODE_SIGN_IDENTITY = "";
				CODE_SIGN_STYLE = Manual;
				DEFINES_MODULE = YES;
				DEVELOPMENT_TEAM = "";
				DYLIB_COMPATIBILITY_VERSION = 1;
				DYLIB_CURRENT_VERSION = 1;
				DYLIB_INSTALL_NAME_BASE = "@rpath";
				INFOPLIST_FILE = Sources/Info.plist;
				INSTALL_PATH = "$(LOCAL_LIBRARY_DIR)/Frameworks";
				LD_RUNPATH_SEARCH_PATHS = "$(inherited) @executable_path/Frameworks @loader_path/Frameworks";
				PRODUCT_BUNDLE_IDENTIFIER = pl.darrarski.CustomIntensityVisualEffectView;
				PRODUCT_NAME = "$(TARGET_NAME:c99extidentifier)";
				PROVISIONING_PROFILE_SPECIFIER = "";
				SKIP_INSTALL = YES;
				SWIFT_VERSION = 4.0;
				TARGETED_DEVICE_FAMILY = "1,2";
			};
			name = Release;
		};
/* End XCBuildConfiguration section */

/* Begin XCConfigurationList section */
		313E37531FCDDD7000F22C10 /* Build configuration list for PBXNativeTarget "CustomIntensityVisualEffectViewTests" */ = {
			isa = XCConfigurationList;
			buildConfigurations = (
				313E37511FCDDD7000F22C10 /* Debug */,
				313E37521FCDDD7000F22C10 /* Release */,
			);
			defaultConfigurationIsVisible = 0;
			defaultConfigurationName = Release;
		};
		3196701A1FCCC4CC007F21D2 /* Build configuration list for PBXProject "CustomIntensityVisualEffectView" */ = {
			isa = XCConfigurationList;
			buildConfigurations = (
				3196702F1FCCC4CC007F21D2 /* Debug */,
				319670301FCCC4CC007F21D2 /* Release */,
			);
			defaultConfigurationIsVisible = 0;
			defaultConfigurationName = Release;
		};
		319670311FCCC4CC007F21D2 /* Build configuration list for PBXNativeTarget "CustomIntensityVisualEffectViewDemoApp" */ = {
			isa = XCConfigurationList;
			buildConfigurations = (
				319670321FCCC4CC007F21D2 /* Debug */,
				319670331FCCC4CC007F21D2 /* Release */,
			);
			defaultConfigurationIsVisible = 0;
			defaultConfigurationName = Release;
		};
		31AF4FF91FCCC990005583A2 /* Build configuration list for PBXNativeTarget "CustomIntensityVisualEffectView" */ = {
			isa = XCConfigurationList;
			buildConfigurations = (
				31AF4FFA1FCCC990005583A2 /* Debug */,
				31AF4FFB1FCCC990005583A2 /* Release */,
			);
			defaultConfigurationIsVisible = 0;
			defaultConfigurationName = Release;
		};
/* End XCConfigurationList section */
	};
	rootObject = 319670171FCCC4CC007F21D2 /* Project object */;
}
